
Microsoft Visual Studio Solution File, Format Version 12.00
# Visual Studio Version 18
VisualStudioVersion = 18.5.11801.241 oobstable
MinimumVisualStudioVersion = 10.0.40219.1
Project("{FAE04EC0-301F-11D3-BF4B-00C04F79EFBC}") = "PawCareApi", "PawCareApi.csproj", "{6DC0D402-20C5-DC50-381D-A0911F4ED284}"
EndProject
Global
	GlobalSection(SolutionConfigurationPlatforms) = preSolution
		Debug|Any CPU = Debug|Any CPU
		Release|Any CPU = Release|Any CPU
	EndGlobalSection
	GlobalSection(ProjectConfigurationPlatforms) = postSolution
		{6DC0D402-20C5-DC50-381D-A0911F4ED284}.Debug|Any CPU.ActiveCfg = Debug|Any CPU
		{6DC0D402-20C5-DC50-381D-A0911F4ED284}.Debug|Any CPU.Build.0 = Debug|Any CPU
		{6DC0D402-20C5-DC50-381D-A0911F4ED284}.Release|Any CPU.ActiveCfg = Release|Any CPU
		{6DC0D402-20C5-DC50-381D-A0911F4ED284}.Release|Any CPU.Build.0 = Release|Any CPU
	EndGlobalSection
	GlobalSection(SolutionProperties) = preSolution
		HideSolutionNode = FALSE
	EndGlobalSection
	GlobalSection(ExtensibilityGlobals) = postSolution
		SolutionGuid = {D503AEDC-3A56-4E06-B57E-E9EDE8D7E889}
	EndGlobalSection
EndGlobal
